// !$*UTF8*$!
{
	archiveVersion = 1;
	classes = {
	};
	objectVersion = 77;
	objects = {

/* Begin PBXContainerItemProxy section */
		5E26CDA62CF8D696000584FA /* PBXContainerItemProxy */ = {
			isa = PBXContainerItemProxy;
			containerPortal = 5E26CD8C2CF8D695000584FA /* Project object */;
			proxyType = 1;
			remoteGlobalIDString = 5E26CD932CF8D695000584FA;
			remoteInfo = tewFA;
		};
		5E26CDB02CF8D696000584FA /* PBXContainerItemProxy */ = {
			isa = PBXContainerItemProxy;
			containerPortal = 5E26CD8C2CF8D695000584FA /* Project object */;
			proxyType = 1;
			remoteGlobalIDString = 5E26CD932CF8D695000584FA;
			remoteInfo = tewFA;
		};
/* End PBXContainerItemProxy section */

/* Begin PBXFileReference section */
		5E26CD942CF8D695000584FA /* tewFA.app */ = {isa = PBXFileReference; explicitFileType = wrapper.application; includeInIndex = 0; path = tewFA.app; sourceTree = BUILT_PRODUCTS_DIR; };
		5E26CDA52CF8D696000584FA /* tewFATests.xctest */ = {isa = PBXFileReference; explicitFileType = wrapper.cfbundle; includeInIndex = 0; path = tewFATests.xctest; sourceTree = BUILT_PRODUCTS_DIR; };
		5E26CDAF2CF8D696000584FA /* tewFAUITests.xctest */ = {isa = PBXFileReference; explicitFileType = wrapper.cfbundle; includeInIndex = 0; path = tewFAUITests.xctest; sourceTree = BUILT_PRODUCTS_DIR; };
/* End PBXFileReference section */

/* Begin PBXFileSystemSynchronizedRootGroup section */
		5E26CD962CF8D695000584FA /* tewFA */ = {
			isa = PBXFileSystemSynchronizedRootGroup;
			path = tewFA;
			sourceTree = "<group>";
		};
		5E26CDA82CF8D696000584FA /* tewFATests */ = {
			isa = PBXFileSystemSynchronizedRootGroup;
			path = tewFATests;
			sourceTree = "<group>";
		};
		5E26CDB22CF8D696000584FA /* tewFAUITests */ = {
			isa = PBXFileSystemSynchronizedRootGroup;
			path = tewFAUITests;
			sourceTree = "<group>";
		};
/* End PBXFileSystemSynchronizedRootGroup section */

/* Begin PBXFrameworksBuildPhase section */
		5E26CD912CF8D695000584FA /* Frameworks */ = {
			isa = PBXFrameworksBuildPhase;
			buildActionMask = 2147483647;
			files = (
			);
			runOnlyForDeploymentPostprocessing = 0;
		};
		5E26CDA22CF8D696000584FA /* Frameworks */ = {
			isa = PBXFrameworksBuildPhase;
			buildActionMask = 2147483647;
			files = (
			);
			runOnlyForDeploymentPostprocessing = 0;
		};
		5E26CDAC2CF8D696000584FA /* Frameworks */ = {
			isa = PBXFrameworksBuildPhase;
			buildActionMask = 2147483647;
			files = (
			);
			runOnlyForDeploymentPostprocessing = 0;
		};
/* End PBXFrameworksBuildPhase section */

/* Begin PBXGroup section */
		5E26CD8B2CF8D695000584FA = {
			isa = PBXGroup;
			children = (
				5E26CD962CF8D695000584FA /* tewFA */,
				5E26CDA82CF8D696000584FA /* tewFATests */,
				5E26CDB22CF8D696000584FA /* tewFAUITests */,
				5E26CD952CF8D695000584FA /* Products */,
			);
			sourceTree = "<group>";
		};
		5E26CD952CF8D695000584FA /* Products */ = {
			isa = PBXGroup;
			children = (
				5E26CD942CF8D695000584FA /* tewFA.app */,
				5E26CDA52CF8D696000584FA /* tewFATests.xctest */,
				5E26CDAF2CF8D696000584FA /* tewFAUITests.xctest */,
			);
			name = Products;
			sourceTree = "<group>";
		};
/* End PBXGroup section */

/* Begin PBXNativeTarget section */
		5E26CD932CF8D695000584FA /* tewFA */ = {
			isa = PBXNativeTarget;
			buildConfigurationList = 5E26CDB92CF8D696000584FA /* Build configuration list for PBXNativeTarget "tewFA" */;
			buildPhases = (
				5E26CD902CF8D695000584FA /* Sources */,
				5E26CD912CF8D695000584FA /* Frameworks */,
				5E26CD922CF8D695000584FA /* Resources */,
			);
			buildRules = (
			);
			dependencies = (
			);
			fileSystemSynchronizedGroups = (
				5E26CD962CF8D695000584FA /* tewFA */,
			);
			name = tewFA;
			packageProductDependencies = (
			);
			productName = tewFA;
			productReference = 5E26CD942CF8D695000584FA /* tewFA.app */;
			productType = "com.apple.product-type.application";
		};
		5E26CDA42CF8D696000584FA /* tewFATests */ = {
			isa = PBXNativeTarget;
			buildConfigurationList = 5E26CDBC2CF8D696000584FA /* Build configuration list for PBXNativeTarget "tewFATests" */;
			buildPhases = (
				5E26CDA12CF8D696000584FA /* Sources */,
				5E26CDA22CF8D696000584FA /* Frameworks */,
				5E26CDA32CF8D696000584FA /* Resources */,
			);
			buildRules = (
			);
			dependencies = (
				5E26CDA72CF8D696000584FA /* PBXTargetDependency */,
			);
			fileSystemSynchronizedGroups = (
				5E26CDA82CF8D696000584FA /* tewFATests */,
			);
			name = tewFATests;
			packageProductDependencies = (
			);
			productName = tewFATests;
			productReference = 5E26CDA52CF8D696000584FA /* tewFATests.xctest */;
			productType = "com.apple.product-type.bundle.unit-test";
		};
		5E26CDAE2CF8D696000584FA /* tewFAUITests */ = {
			isa = PBXNativeTarget;
			buildConfigurationList = 5E26CDBF2CF8D696000584FA /* Build configuration list for PBXNativeTarget "tewFAUITests" */;
			buildPhases = (
				5E26CDAB2CF8D696000584FA /* Sources */,
				5E26CDAC2CF8D696000584FA /* Frameworks */,
				5E26CDAD2CF8D696000584FA /* Resources */,
			);
			buildRules = (
			);
			dependencies = (
				5E26CDB12CF8D696000584FA /* PBXTargetDependency */,
			);
			fileSystemSynchronizedGroups = (
				5E26CDB22CF8D696000584FA /* tewFAUITests */,
			);
			name = tewFAUITests;
			packageProductDependencies = (
			);
			productName = tewFAUITests;
			productReference = 5E26CDAF2CF8D696000584FA /* tewFAUITests.xctest */;
			productType = "com.apple.product-type.bundle.ui-testing";
		};
/* End PBXNativeTarget section */

/* Begin PBXProject section */
		5E26CD8C2CF8D695000584FA /* Project object */ = {
			isa = PBXProject;
			attributes = {
				BuildIndependentTargetsInParallel = 1;
				LastSwiftUpdateCheck = 1610;
				LastUpgradeCheck = 1610;
				TargetAttributes = {
					5E26CD932CF8D695000584FA = {
						CreatedOnToolsVersion = 16.1;
					};
					5E26CDA42CF8D696000584FA = {
						CreatedOnToolsVersion = 16.1;
						TestTargetID = 5E26CD932CF8D695000584FA;
					};
					5E26CDAE2CF8D696000584FA = {
						CreatedOnToolsVersion = 16.1;
						TestTargetID = 5E26CD932CF8D695000584FA;
					};
				};
			};
			buildConfigurationList = 5E26CD8F2CF8D695000584FA /* Build configuration list for PBXProject "tewFA" */;
			developmentRegion = en;
			hasScannedForEncodings = 0;
			knownRegions = (
				en,
				Base,
			);
			mainGroup = 5E26CD8B2CF8D695000584FA;
			minimizedProjectReferenceProxies = 1;
			preferredProjectObjectVersion = 77;
			productRefGroup = 5E26CD952CF8D695000584FA /* Products */;
			projectDirPath = "";
			projectRoot = "";
			targets = (
				5E26CD932CF8D695000584FA /* tewFA */,
				5E26CDA42CF8D696000584FA /* tewFATests */,
				5E26CDAE2CF8D696000584FA /* tewFAUITests */,
			);
		};
/* End PBXProject section */

/* Begin PBXResourcesBuildPhase section */
		5E26CD922CF8D695000584FA /* Resources */ = {
			isa = PBXResourcesBuildPhase;
			buildActionMask = 2147483647;
			files = (
			);
			runOnlyForDeploymentPostprocessing = 0;
		};
		5E26CDA32CF8D696000584FA /* Resources */ = {
			isa = PBXResourcesBuildPhase;
			buildActionMask = 2147483647;
			files = (
			);
			runOnlyForDeploymentPostprocessing = 0;
		};
		5E26CDAD2CF8D696000584FA /* Resources */ = {
			isa = PBXResourcesBuildPhase;
			buildActionMask = 2147483647;
			files = (
			);
			runOnlyForDeploymentPostprocessing = 0;
		};
/* End PBXResourcesBuildPhase section */

/* Begin PBXSourcesBuildPhase section */
		5E26CD902CF8D695000584FA /* Sources */ = {
			isa = PBXSourcesBuildPhase;
			buildActionMask = 2147483647;
			files = (
			);
			runOnlyForDeploymentPostprocessing = 0;
		};
		5E26CDA12CF8D696000584FA /* Sources */ = {
			isa = PBXSourcesBuildPhase;
			buildActionMask = 2147483647;
			files = (
			);
			runOnlyForDeploymentPostprocessing = 0;
		};
		5E26CDAB2CF8D696000584FA /* Sources */ = {
			isa = PBXSourcesBuildPhase;
			buildActionMask = 2147483647;
			files = (
			);
			runOnlyForDeploymentPostprocessing = 0;
		};
/* End PBXSourcesBuildPhase section */

/* Begin PBXTargetDependency section */
		5E26CDA72CF8D696000584FA /* PBXTargetDependency */ = {
			isa = PBXTargetDependency;
			target = 5E26CD932CF8D695000584FA /* tewFA */;
			targetProxy = 5E26CDA62CF8D696000584FA /* PBXContainerItemProxy */;
		};
		5E26CDB12CF8D696000584FA /* PBXTargetDependency */ = {
			isa = PBXTargetDependency;
			target = 5E26CD932CF8D695000584FA /* tewFA */;
			targetProxy = 5E26CDB02CF8D696000584FA /* PBXContainerItemProxy */;
		};
/* End PBXTargetDependency section */

/* Begin XCBuildConfiguration section */
		5E26CDB72CF8D696000584FA /* Debug */ = {
			isa = XCBuildConfiguration;
			buildSettings = {
				ALWAYS_SEARCH_USER_PATHS = NO;
				ASSETCATALOG_COMPILER_GENERATE_SWIFT_ASSET_SYMBOL_EXTENSIONS = YES;
				CLANG_ANALYZER_NONNULL = YES;
				CLANG_ANALYZER_NUMBER_OBJECT_CONVERSION = YES_AGGRESSIVE;
				CLANG_CXX_LANGUAGE_STANDARD = "gnu++20";
				CLANG_ENABLE_MODULES = YES;
				CLANG_ENABLE_OBJC_ARC = YES;
				CLANG_ENABLE_OBJC_WEAK = YES;
				CLANG_WARN_BLOCK_CAPTURE_AUTORELEASING = YES;
				CLANG_WARN_BOOL_CONVERSION = YES;
				CLANG_WARN_COMMA = YES;
				CLANG_WARN_CONSTANT_CONVERSION = YES;
				CLANG_WARN_DEPRECATED_OBJC_IMPLEMENTATIONS = YES;
				CLANG_WARN_DIRECT_OBJC_ISA_USAGE = YES_ERROR;
				CLANG_WARN_DOCUMENTATION_COMMENTS = YES;
				CLANG_WARN_EMPTY_BODY = YES;
				CLANG_WARN_ENUM_CONVERSION = YES;
				CLANG_WARN_INFINITE_RECURSION = YES;
				CLANG_WARN_INT_CONVERSION = YES;
				CLANG_WARN_NON_LITERAL_NULL_CONVERSION = YES;
				CLANG_WARN_OBJC_IMPLICIT_RETAIN_SELF = YES;
				CLANG_WARN_OBJC_LITERAL_CONVERSION = YES;
				CLANG_WARN_OBJC_ROOT_CLASS = YES_ERROR;
				CLANG_WARN_QUOTED_INCLUDE_IN_FRAMEWORK_HEADER = YES;
				CLANG_WARN_RANGE_LOOP_ANALYSIS = YES;
				CLANG_WARN_STRICT_PROTOTYPES = YES;
				CLANG_WARN_SUSPICIOUS_MOVE = YES;
				CLANG_WARN_UNGUARDED_AVAILABILITY = YES_AGGRESSIVE;
				CLANG_WARN_UNREACHABLE_CODE = YES;
				CLANG_WARN__DUPLICATE_METHOD_MATCH = YES;
				COPY_PHASE_STRIP = NO;
				DEBUG_INFORMATION_FORMAT = dwarf;
				ENABLE_STRICT_OBJC_MSGSEND = YES;
				ENABLE_TESTABILITY = YES;
				ENABLE_USER_SCRIPT_SANDBOXING = YES;
				GCC_C_LANGUAGE_STANDARD = gnu17;
				GCC_DYNAMIC_NO_PIC = NO;
				GCC_NO_COMMON_BLOCKS = YES;
				GCC_OPTIMIZATION_LEVEL = 0;
				GCC_PREPROCESSOR_DEFINITIONS = (
					"DEBUG=1",
					"$(inherited)",
				);
				GCC_WARN_64_TO_32_BIT_CONVERSION = YES;
				GCC_WARN_ABOUT_RETURN_TYPE = YES_ERROR;
				GCC_WARN_UNDECLARED_SELECTOR = YES;
				GCC_WARN_UNINITIALIZED_AUTOS = YES_AGGRESSIVE;
				GCC_WARN_UNUSED_FUNCTION = YES;
				GCC_WARN_UNUSED_VARIABLE = YES;
				LOCALIZATION_PREFERS_STRING_CATALOGS = YES;
				MACOSX_DEPLOYMENT_TARGET = 15.1;
				MTL_ENABLE_DEBUG_INFO = INCLUDE_SOURCE;
				MTL_FAST_MATH = YES;
				ONLY_ACTIVE_ARCH = YES;
				SDKROOT = macosx;
				SWIFT_ACTIVE_COMPILATION_CONDITIONS = "DEBUG $(inherited)";
				SWIFT_OPTIMIZATION_LEVEL = "-Onone";
			};
			name = Debug;
		};
		5E26CDB82CF8D696000584FA /* Release */ = {
			isa = XCBuildConfiguration;
			buildSettings = {
				ALWAYS_SEARCH_USER_PATHS = NO;
				ASSETCATALOG_COMPILER_GENERATE_SWIFT_ASSET_SYMBOL_EXTENSIONS = YES;
				CLANG_ANALYZER_NONNULL = YES;
				CLANG_ANALYZER_NUMBER_OBJECT_CONVERSION = YES_AGGRESSIVE;
				CLANG_CXX_LANGUAGE_STANDARD = "gnu++20";
				CLANG_ENABLE_MODULES = YES;
				CLANG_ENABLE_OBJC_ARC = YES;
				CLANG_ENABLE_OBJC_WEAK = YES;
				CLANG_WARN_BLOCK_CAPTURE_AUTORELEASING = YES;
				CLANG_WARN_BOOL_CONVERSION = YES;
				CLANG_WARN_COMMA = YES;
				CLANG_WARN_CONSTANT_CONVERSION = YES;
				CLANG_WARN_DEPRECATED_OBJC_IMPLEMENTATIONS = YES;
				CLANG_WARN_DIRECT_OBJC_ISA_USAGE = YES_ERROR;
				CLANG_WARN_DOCUMENTATION_COMMENTS = YES;
				CLANG_WARN_EMPTY_BODY = YES;
				CLANG_WARN_ENUM_CONVERSION = YES;
				CLANG_WARN_INFINITE_RECURSION = YES;
				CLANG_WARN_INT_CONVERSION = YES;
				CLANG_WARN_NON_LITERAL_NULL_CONVERSION = YES;
				CLANG_WARN_OBJC_IMPLICIT_RETAIN_SELF = YES;
				CLANG_WARN_OBJC_LITERAL_CONVERSION = YES;
				CLANG_WARN_OBJC_ROOT_CLASS = YES_ERROR;
				CLANG_WARN_QUOTED_INCLUDE_IN_FRAMEWORK_HEADER = YES;
				CLANG_WARN_RANGE_LOOP_ANALYSIS = YES;
				CLANG_WARN_STRICT_PROTOTYPES = YES;
				CLANG_WARN_SUSPICIOUS_MOVE = YES;
				CLANG_WARN_UNGUARDED_AVAILABILITY = YES_AGGRESSIVE;
				CLANG_WARN_UNREACHABLE_CODE = YES;
				CLANG_WARN__DUPLICATE_METHOD_MATCH = YES;
				COPY_PHASE_STRIP = NO;
				DEBUG_INFORMATION_FORMAT = "dwarf-with-dsym";
				ENABLE_NS_ASSERTIONS = NO;
				ENABLE_STRICT_OBJC_MSGSEND = YES;
				ENABLE_USER_SCRIPT_SANDBOXING = YES;
				GCC_C_LANGUAGE_STANDARD = gnu17;
				GCC_NO_COMMON_BLOCKS = YES;
				GCC_WARN_64_TO_32_BIT_CONVERSION = YES;
				GCC_WARN_ABOUT_RETURN_TYPE = YES_ERROR;
				GCC_WARN_UNDECLARED_SELECTOR = YES;
				GCC_WARN_UNINITIALIZED_AUTOS = YES_AGGRESSIVE;
				GCC_WARN_UNUSED_FUNCTION = YES;
				GCC_WARN_UNUSED_VARIABLE = YES;
				LOCALIZATION_PREFERS_STRING_CATALOGS = YES;
				MACOSX_DEPLOYMENT_TARGET = 15.1;
				MTL_ENABLE_DEBUG_INFO = NO;
				MTL_FAST_MATH = YES;
				SDKROOT = macosx;
				SWIFT_COMPILATION_MODE = wholemodule;
			};
			name = Release;
		};
		5E26CDBA2CF8D696000584FA /* Debug */ = {
			isa = XCBuildConfiguration;
			buildSettings = {
				ASSETCATALOG_COMPILER_APPICON_NAME = AppIcon;
				ASSETCATALOG_COMPILER_GLOBAL_ACCENT_COLOR_NAME = AccentColor;
				CODE_SIGN_ENTITLEMENTS = tewFA/tewFA.entitlements;
				CODE_SIGN_STYLE = Automatic;
				COMBINE_HIDPI_IMAGES = YES;
				CURRENT_PROJECT_VERSION = 1;
				DEVELOPMENT_ASSET_PATHS = "\"tewFA/Preview Content\"";
				DEVELOPMENT_TEAM = UCN29PZL3V;
				ENABLE_HARDENED_RUNTIME = YES;
				ENABLE_PREVIEWS = YES;
				GENERATE_INFOPLIST_FILE = YES;
				INFOPLIST_KEY_NSHumanReadableCopyright = "";
				LD_RUNPATH_SEARCH_PATHS = (
					"$(inherited)",
					"@executable_path/../Frameworks",
				);
				MARKETING_VERSION = 1.0;
				PRODUCT_BUNDLE_IDENTIFIER = ash.tewFA;
				PRODUCT_NAME = "$(TARGET_NAME)";
				SWIFT_EMIT_LOC_STRINGS = YES;
				SWIFT_VERSION = 5.0;
			};
			name = Debug;
		};
		5E26CDBB2CF8D696000584FA /* Release */ = {
			isa = XCBuildConfiguration;
			buildSettings = {
				ASSETCATALOG_COMPILER_APPICON_NAME = AppIcon;
				ASSETCATALOG_COMPILER_GLOBAL_ACCENT_COLOR_NAME = AccentColor;
				CODE_SIGN_ENTITLEMENTS = tewFA/tewFA.entitlements;
				CODE_SIGN_STYLE = Automatic;
				COMBINE_HIDPI_IMAGES = YES;
				CURRENT_PROJECT_VERSION = 1;
				DEVELOPMENT_ASSET_PATHS = "\"tewFA/Preview Content\"";
				DEVELOPMENT_TEAM = UCN29PZL3V;
				ENABLE_HARDENED_RUNTIME = YES;
				ENABLE_PREVIEWS = YES;
				GENERATE_INFOPLIST_FILE = YES;
				INFOPLIST_KEY_NSHumanReadableCopyright = "";
				LD_RUNPATH_SEARCH_PATHS = (
					"$(inherited)",
					"@executable_path/../Frameworks",
				);
				MARKETING_VERSION = 1.0;
				PRODUCT_BUNDLE_IDENTIFIER = ash.tewFA;
				PRODUCT_NAME = "$(TARGET_NAME)";
				SWIFT_EMIT_LOC_STRINGS = YES;
				SWIFT_VERSION = 5.0;
			};
			name = Release;
		};
		5E26CDBD2CF8D696000584FA /* Debug */ = {
			isa = XCBuildConfiguration;
			buildSettings = {
				BUNDLE_LOADER = "$(TEST_HOST)";
				CODE_SIGN_STYLE = Automatic;
				CURRENT_PROJECT_VERSION = 1;
				DEVELOPMENT_TEAM = UCN29PZL3V;
				GENERATE_INFOPLIST_FILE = YES;
				MACOSX_DEPLOYMENT_TARGET = 15.1;
				MARKETING_VERSION = 1.0;
				PRODUCT_BUNDLE_IDENTIFIER = ash.tewFATests;
				PRODUCT_NAME = "$(TARGET_NAME)";
				SWIFT_EMIT_LOC_STRINGS = NO;
				SWIFT_VERSION = 5.0;
				TEST_HOST = "$(BUILT_PRODUCTS_DIR)/tewFA.app/$(BUNDLE_EXECUTABLE_FOLDER_PATH)/tewFA";
			};
			name = Debug;
		};
		5E26CDBE2CF8D696000584FA /* Release */ = {
			isa = XCBuildConfiguration;
			buildSettings = {
				BUNDLE_LOADER = "$(TEST_HOST)";
				CODE_SIGN_STYLE = Automatic;
				CURRENT_PROJECT_VERSION = 1;
				DEVELOPMENT_TEAM = UCN29PZL3V;
				GENERATE_INFOPLIST_FILE = YES;
				MACOSX_DEPLOYMENT_TARGET = 15.1;
				MARKETING_VERSION = 1.0;
				PRODUCT_BUNDLE_IDENTIFIER = ash.tewFATests;
				PRODUCT_NAME = "$(TARGET_NAME)";
				SWIFT_EMIT_LOC_STRINGS = NO;
				SWIFT_VERSION = 5.0;
				TEST_HOST = "$(BUILT_PRODUCTS_DIR)/tewFA.app/$(BUNDLE_EXECUTABLE_FOLDER_PATH)/tewFA";
			};
			name = Release;
		};
		5E26CDC02CF8D696000584FA /* Debug */ = {
			isa = XCBuildConfiguration;
			buildSettings = {
				CODE_SIGN_STYLE = Automatic;
				CURRENT_PROJECT_VERSION = 1;
				DEVELOPMENT_TEAM = UCN29PZL3V;
				GENERATE_INFOPLIST_FILE = YES;
				MARKETING_VERSION = 1.0;
				PRODUCT_BUNDLE_IDENTIFIER = ash.tewFAUITests;
				PRODUCT_NAME = "$(TARGET_NAME)";
				SWIFT_EMIT_LOC_STRINGS = NO;
				SWIFT_VERSION = 5.0;
				TEST_TARGET_NAME = tewFA;
			};
			name = Debug;
		};
		5E26CDC12CF8D696000584FA /* Release */ = {
			isa = XCBuildConfiguration;
			buildSettings = {
				CODE_SIGN_STYLE = Automatic;
				CURRENT_PROJECT_VERSION = 1;
				DEVELOPMENT_TEAM = UCN29PZL3V;
				GENERATE_INFOPLIST_FILE = YES;
				MARKETING_VERSION = 1.0;
				PRODUCT_BUNDLE_IDENTIFIER = ash.tewFAUITests;
				PRODUCT_NAME = "$(TARGET_NAME)";
				SWIFT_EMIT_LOC_STRINGS = NO;
				SWIFT_VERSION = 5.0;
				TEST_TARGET_NAME = tewFA;
			};
			name = Release;
		};
/* End XCBuildConfiguration section */

/* Begin XCConfigurationList section */
		5E26CD8F2CF8D695000584FA /* Build configuration list for PBXProject "tewFA" */ = {
			isa = XCConfigurationList;
			buildConfigurations = (
				5E26CDB72CF8D696000584FA /* Debug */,
				5E26CDB82CF8D696000584FA /* Release */,
			);
			defaultConfigurationIsVisible = 0;
			defaultConfigurationName = Release;
		};
		5E26CDB92CF8D696000584FA /* Build configuration list for PBXNativeTarget "tewFA" */ = {
			isa = XCConfigurationList;
			buildConfigurations = (
				5E26CDBA2CF8D696000584FA /* Debug */,
				5E26CDBB2CF8D696000584FA /* Release */,
			);
			defaultConfigurationIsVisible = 0;
			defaultConfigurationName = Release;
		};
		5E26CDBC2CF8D696000584FA /* Build configuration list for PBXNativeTarget "tewFATests" */ = {
			isa = XCConfigurationList;
			buildConfigurations = (
				5E26CDBD2CF8D696000584FA /* Debug */,
				5E26CDBE2CF8D696000584FA /* Release */,
			);
			defaultConfigurationIsVisible = 0;
			defaultConfigurationName = Release;
		};
		5E26CDBF2CF8D696000584FA /* Build configuration list for PBXNativeTarget "tewFAUITests" */ = {
			isa = XCConfigurationList;
			buildConfigurations = (
				5E26CDC02CF8D696000584FA /* Debug */,
				5E26CDC12CF8D696000584FA /* Release */,
			);
			defaultConfigurationIsVisible = 0;
			defaultConfigurationName = Release;
		};
/* End XCConfigurationList section */
	};
	rootObject = 5E26CD8C2CF8D695000584FA /* Project object */;
}
